
Microsoft Visual Studio Solution File, Format Version 11.00
# Visual Studio 2010
Project("{FAE04EC0-301F-11D3-BF4B-00C04F79EFBC}") = "TestPlugin", "TestPlugin\TestPlugin.csproj", "{DC37D9A8-0408-4E59-8EEA-D301CCF24F9D}"
EndProject
Global
	GlobalSection(SolutionConfigurationPlatforms) = preSolution
		Debug|x86 = Debug|x86
		Release|x86 = Release|x86
	EndGlobalSection
	GlobalSection(ProjectConfigurationPlatforms) = postSolution
		{DC37D9A8-0408-4E59-8EEA-D301CCF24F9D}.Debug|x86.ActiveCfg = Debug|x86
		{DC37D9A8-0408-4E59-8EEA-D301CCF24F9D}.Debug|x86.Build.0 = Debug|x86
		{DC37D9A8-0408-4E59-8EEA-D301CCF24F9D}.Release|x86.ActiveCfg = Release|x86
		{DC37D9A8-0408-4E59-8EEA-D301CCF24F9D}.Release|x86.Build.0 = Release|x86
	EndGlobalSection
	GlobalSection(SolutionProperties) = preSolution
		HideSolutionNode = FALSE
	EndGlobalSection
EndGlobal
